
Microsoft Visual Studio Solution File, Format Version 12.00
# Visual Studio Version 17
VisualStudioVersion = 17.11.35327.3
MinimumVisualStudioVersion = 10.0.40219.1
Project("{FAE04EC0-301F-11D3-BF4B-00C04F79EFBC}") = "WebApplication1", "WebApplication1\WebApplication1.csproj", "{B1738687-1AA4-4160-B574-DD418BF35171}"
EndProject
Global
	GlobalSection(SolutionConfigurationPlatforms) = preSolution
		Debug|Any CPU = Debug|Any CPU
		Release|Any CPU = Release|Any CPU
	EndGlobalSection
	GlobalSection(ProjectConfigurationPlatforms) = postSolution
		{B1738687-1AA4-4160-B574-DD418BF35171}.Debug|Any CPU.ActiveCfg = Debug|Any CPU
		{B1738687-1AA4-4160-B574-DD418BF35171}.Debug|Any CPU.Build.0 = Debug|Any CPU
		{B1738687-1AA4-4160-B574-DD418BF35171}.Release|Any CPU.ActiveCfg = Release|Any CPU
		{B1738687-1AA4-4160-B574-DD418BF35171}.Release|Any CPU.Build.0 = Release|Any CPU
	EndGlobalSection
	GlobalSection(SolutionProperties) = preSolution
		HideSolutionNode = FALSE
	EndGlobalSection
	GlobalSection(ExtensibilityGlobals) = postSolution
		SolutionGuid = {71CF2461-89FB-4F0C-B91D-66F9C0EEAD17}
	EndGlobalSection
EndGlobal
